// !$*UTF8*$!
{
	archiveVersion = 1;
	classes = {
	};
	objectVersion = 56;
	objects = {

/* Begin PBXBuildFile section */
		666AEB8C2B33922A0073EDA4 /* Riot_API_ProjectApp.swift in Sources */ = {isa = PBXBuildFile; fileRef = 666AEB8B2B33922A0073EDA4 /* Riot_API_ProjectApp.swift */; };
		666AEB8E2B33922A0073EDA4 /* ContentView.swift in Sources */ = {isa = PBXBuildFile; fileRef = 666AEB8D2B33922A0073EDA4 /* ContentView.swift */; };
		666AEB902B33922C0073EDA4 /* Assets.xcassets in Resources */ = {isa = PBXBuildFile; fileRef = 666AEB8F2B33922C0073EDA4 /* Assets.xcassets */; };
		666AEB932B33922C0073EDA4 /* Preview Assets.xcassets in Resources */ = {isa = PBXBuildFile; fileRef = 666AEB922B33922C0073EDA4 /* Preview Assets.xcassets */; };
		666AEB9D2B33922D0073EDA4 /* Riot_API_ProjectTests.swift in Sources */ = {isa = PBXBuildFile; fileRef = 666AEB9C2B33922D0073EDA4 /* Riot_API_ProjectTests.swift */; };
		666AEBA72B33922D0073EDA4 /* Riot_API_ProjectUITests.swift in Sources */ = {isa = PBXBuildFile; fileRef = 666AEBA62B33922D0073EDA4 /* Riot_API_ProjectUITests.swift */; };
		666AEBA92B33922D0073EDA4 /* Riot_API_ProjectUITestsLaunchTests.swift in Sources */ = {isa = PBXBuildFile; fileRef = 666AEBA82B33922D0073EDA4 /* Riot_API_ProjectUITestsLaunchTests.swift */; };
		666AEBB62B3394200073EDA4 /* api-calls.swift in Sources */ = {isa = PBXBuildFile; fileRef = 666AEBB52B3394200073EDA4 /* api-calls.swift */; };
/* End PBXBuildFile section */

/* Begin PBXContainerItemProxy section */
		666AEB992B33922D0073EDA4 /* PBXContainerItemProxy */ = {
			isa = PBXContainerItemProxy;
			containerPortal = 666AEB802B33922A0073EDA4 /* Project object */;
			proxyType = 1;
			remoteGlobalIDString = 666AEB872B33922A0073EDA4;
			remoteInfo = "Riot-API-Project";
		};
		666AEBA32B33922D0073EDA4 /* PBXContainerItemProxy */ = {
			isa = PBXContainerItemProxy;
			containerPortal = 666AEB802B33922A0073EDA4 /* Project object */;
			proxyType = 1;
			remoteGlobalIDString = 666AEB872B33922A0073EDA4;
			remoteInfo = "Riot-API-Project";
		};
/* End PBXContainerItemProxy section */

/* Begin PBXFileReference section */
		666AEB882B33922A0073EDA4 /* Riot-API-Project.app */ = {isa = PBXFileReference; explicitFileType = wrapper.application; includeInIndex = 0; path = "Riot-API-Project.app"; sourceTree = BUILT_PRODUCTS_DIR; };
		666AEB8B2B33922A0073EDA4 /* Riot_API_ProjectApp.swift */ = {isa = PBXFileReference; lastKnownFileType = sourcecode.swift; path = Riot_API_ProjectApp.swift; sourceTree = "<group>"; };
		666AEB8D2B33922A0073EDA4 /* ContentView.swift */ = {isa = PBXFileReference; lastKnownFileType = sourcecode.swift; path = ContentView.swift; sourceTree = "<group>"; };
		666AEB8F2B33922C0073EDA4 /* Assets.xcassets */ = {isa = PBXFileReference; lastKnownFileType = folder.assetcatalog; path = Assets.xcassets; sourceTree = "<group>"; };
		666AEB922B33922C0073EDA4 /* Preview Assets.xcassets */ = {isa = PBXFileReference; lastKnownFileType = folder.assetcatalog; path = "Preview Assets.xcassets"; sourceTree = "<group>"; };
		666AEB982B33922D0073EDA4 /* Riot-API-ProjectTests.xctest */ = {isa = PBXFileReference; explicitFileType = wrapper.cfbundle; includeInIndex = 0; path = "Riot-API-ProjectTests.xctest"; sourceTree = BUILT_PRODUCTS_DIR; };
		666AEB9C2B33922D0073EDA4 /* Riot_API_ProjectTests.swift */ = {isa = PBXFileReference; lastKnownFileType = sourcecode.swift; path = Riot_API_ProjectTests.swift; sourceTree = "<group>"; };
		666AEBA22B33922D0073EDA4 /* Riot-API-ProjectUITests.xctest */ = {isa = PBXFileReference; explicitFileType = wrapper.cfbundle; includeInIndex = 0; path = "Riot-API-ProjectUITests.xctest"; sourceTree = BUILT_PRODUCTS_DIR; };
		666AEBA62B33922D0073EDA4 /* Riot_API_ProjectUITests.swift */ = {isa = PBXFileReference; lastKnownFileType = sourcecode.swift; path = Riot_API_ProjectUITests.swift; sourceTree = "<group>"; };
		666AEBA82B33922D0073EDA4 /* Riot_API_ProjectUITestsLaunchTests.swift */ = {isa = PBXFileReference; lastKnownFileType = sourcecode.swift; path = Riot_API_ProjectUITestsLaunchTests.swift; sourceTree = "<group>"; };
		666AEBB52B3394200073EDA4 /* api-calls.swift */ = {isa = PBXFileReference; lastKnownFileType = sourcecode.swift; path = "api-calls.swift"; sourceTree = "<group>"; };
/* End PBXFileReference section */

/* Begin PBXFrameworksBuildPhase section */
		666AEB852B33922A0073EDA4 /* Frameworks */ = {
			isa = PBXFrameworksBuildPhase;
			buildActionMask = 2147483647;
			files = (
			);
			runOnlyForDeploymentPostprocessing = 0;
		};
		666AEB952B33922D0073EDA4 /* Frameworks */ = {
			isa = PBXFrameworksBuildPhase;
			buildActionMask = 2147483647;
			files = (
			);
			runOnlyForDeploymentPostprocessing = 0;
		};
		666AEB9F2B33922D0073EDA4 /* Frameworks */ = {
			isa = PBXFrameworksBuildPhase;
			buildActionMask = 2147483647;
			files = (
			);
			runOnlyForDeploymentPostprocessing = 0;
		};
/* End PBXFrameworksBuildPhase section */

/* Begin PBXGroup section */
		666AEB7F2B33922A0073EDA4 = {
			isa = PBXGroup;
			children = (
				666AEB8A2B33922A0073EDA4 /* Riot-API-Project */,
				666AEB9B2B33922D0073EDA4 /* Riot-API-ProjectTests */,
				666AEBA52B33922D0073EDA4 /* Riot-API-ProjectUITests */,
				666AEB892B33922A0073EDA4 /* Products */,
			);
			sourceTree = "<group>";
		};
		666AEB892B33922A0073EDA4 /* Products */ = {
			isa = PBXGroup;
			children = (
				666AEB882B33922A0073EDA4 /* Riot-API-Project.app */,
				666AEB982B33922D0073EDA4 /* Riot-API-ProjectTests.xctest */,
				666AEBA22B33922D0073EDA4 /* Riot-API-ProjectUITests.xctest */,
			);
			name = Products;
			sourceTree = "<group>";
		};
		666AEB8A2B33922A0073EDA4 /* Riot-API-Project */ = {
			isa = PBXGroup;
			children = (
				666AEB8B2B33922A0073EDA4 /* Riot_API_ProjectApp.swift */,
				666AEB8D2B33922A0073EDA4 /* ContentView.swift */,
				666AEBB52B3394200073EDA4 /* api-calls.swift */,
				666AEB8F2B33922C0073EDA4 /* Assets.xcassets */,
				666AEB912B33922C0073EDA4 /* Preview Content */,
			);
			path = "Riot-API-Project";
			sourceTree = "<group>";
		};
		666AEB912B33922C0073EDA4 /* Preview Content */ = {
			isa = PBXGroup;
			children = (
				666AEB922B33922C0073EDA4 /* Preview Assets.xcassets */,
			);
			path = "Preview Content";
			sourceTree = "<group>";
		};
		666AEB9B2B33922D0073EDA4 /* Riot-API-ProjectTests */ = {
			isa = PBXGroup;
			children = (
				666AEB9C2B33922D0073EDA4 /* Riot_API_ProjectTests.swift */,
			);
			path = "Riot-API-ProjectTests";
			sourceTree = "<group>";
		};
		666AEBA52B33922D0073EDA4 /* Riot-API-ProjectUITests */ = {
			isa = PBXGroup;
			children = (
				666AEBA62B33922D0073EDA4 /* Riot_API_ProjectUITests.swift */,
				666AEBA82B33922D0073EDA4 /* Riot_API_ProjectUITestsLaunchTests.swift */,
			);
			path = "Riot-API-ProjectUITests";
			sourceTree = "<group>";
		};
/* End PBXGroup section */

/* Begin PBXNativeTarget section */
		666AEB872B33922A0073EDA4 /* Riot-API-Project */ = {
			isa = PBXNativeTarget;
			buildConfigurationList = 666AEBAC2B33922D0073EDA4 /* Build configuration list for PBXNativeTarget "Riot-API-Project" */;
			buildPhases = (
				666AEB842B33922A0073EDA4 /* Sources */,
				666AEB852B33922A0073EDA4 /* Frameworks */,
				666AEB862B33922A0073EDA4 /* Resources */,
			);
			buildRules = (
			);
			dependencies = (
			);
			name = "Riot-API-Project";
			productName = "Riot-API-Project";
			productReference = 666AEB882B33922A0073EDA4 /* Riot-API-Project.app */;
			productType = "com.apple.product-type.application";
		};
		666AEB972B33922D0073EDA4 /* Riot-API-ProjectTests */ = {
			isa = PBXNativeTarget;
			buildConfigurationList = 666AEBAF2B33922D0073EDA4 /* Build configuration list for PBXNativeTarget "Riot-API-ProjectTests" */;
			buildPhases = (
				666AEB942B33922D0073EDA4 /* Sources */,
				666AEB952B33922D0073EDA4 /* Frameworks */,
				666AEB962B33922D0073EDA4 /* Resources */,
			);
			buildRules = (
			);
			dependencies = (
				666AEB9A2B33922D0073EDA4 /* PBXTargetDependency */,
			);
			name = "Riot-API-ProjectTests";
			productName = "Riot-API-ProjectTests";
			productReference = 666AEB982B33922D0073EDA4 /* Riot-API-ProjectTests.xctest */;
			productType = "com.apple.product-type.bundle.unit-test";
		};
		666AEBA12B33922D0073EDA4 /* Riot-API-ProjectUITests */ = {
			isa = PBXNativeTarget;
			buildConfigurationList = 666AEBB22B33922D0073EDA4 /* Build configuration list for PBXNativeTarget "Riot-API-ProjectUITests" */;
			buildPhases = (
				666AEB9E2B33922D0073EDA4 /* Sources */,
				666AEB9F2B33922D0073EDA4 /* Frameworks */,
				666AEBA02B33922D0073EDA4 /* Resources */,
			);
			buildRules = (
			);
			dependencies = (
				666AEBA42B33922D0073EDA4 /* PBXTargetDependency */,
			);
			name = "Riot-API-ProjectUITests";
			productName = "Riot-API-ProjectUITests";
			productReference = 666AEBA22B33922D0073EDA4 /* Riot-API-ProjectUITests.xctest */;
			productType = "com.apple.product-type.bundle.ui-testing";
		};
/* End PBXNativeTarget section */

/* Begin PBXProject section */
		666AEB802B33922A0073EDA4 /* Project object */ = {
			isa = PBXProject;
			attributes = {
				BuildIndependentTargetsInParallel = 1;
				LastSwiftUpdateCheck = 1510;
				LastUpgradeCheck = 1510;
				TargetAttributes = {
					666AEB872B33922A0073EDA4 = {
						CreatedOnToolsVersion = 15.1;
					};
					666AEB972B33922D0073EDA4 = {
						CreatedOnToolsVersion = 15.1;
						TestTargetID = 666AEB872B33922A0073EDA4;
					};
					666AEBA12B33922D0073EDA4 = {
						CreatedOnToolsVersion = 15.1;
						TestTargetID = 666AEB872B33922A0073EDA4;
					};
				};
			};
			buildConfigurationList = 666AEB832B33922A0073EDA4 /* Build configuration list for PBXProject "Riot-API-Project" */;
			compatibilityVersion = "Xcode 14.0";
			developmentRegion = en;
			hasScannedForEncodings = 0;
			knownRegions = (
				en,
				Base,
			);
			mainGroup = 666AEB7F2B33922A0073EDA4;
			productRefGroup = 666AEB892B33922A0073EDA4 /* Products */;
			projectDirPath = "";
			projectRoot = "";
			targets = (
				666AEB872B33922A0073EDA4 /* Riot-API-Project */,
				666AEB972B33922D0073EDA4 /* Riot-API-ProjectTests */,
				666AEBA12B33922D0073EDA4 /* Riot-API-ProjectUITests */,
			);
		};
/* End PBXProject section */

/* Begin PBXResourcesBuildPhase section */
		666AEB862B33922A0073EDA4 /* Resources */ = {
			isa = PBXResourcesBuildPhase;
			buildActionMask = 2147483647;
			files = (
				666AEB932B33922C0073EDA4 /* Preview Assets.xcassets in Resources */,
				666AEB902B33922C0073EDA4 /* Assets.xcassets in Resources */,
			);
			runOnlyForDeploymentPostprocessing = 0;
		};
		666AEB962B33922D0073EDA4 /* Resources */ = {
			isa = PBXResourcesBuildPhase;
			buildActionMask = 2147483647;
			files = (
			);
			runOnlyForDeploymentPostprocessing = 0;
		};
		666AEBA02B33922D0073EDA4 /* Resources */ = {
			isa = PBXResourcesBuildPhase;
			buildActionMask = 2147483647;
			files = (
			);
			runOnlyForDeploymentPostprocessing = 0;
		};
/* End PBXResourcesBuildPhase section */

/* Begin PBXSourcesBuildPhase section */
		666AEB842B33922A0073EDA4 /* Sources */ = {
			isa = PBXSourcesBuildPhase;
			buildActionMask = 2147483647;
			files = (
				666AEB8E2B33922A0073EDA4 /* ContentView.swift in Sources */,
				666AEBB62B3394200073EDA4 /* api-calls.swift in Sources */,
				666AEB8C2B33922A0073EDA4 /* Riot_API_ProjectApp.swift in Sources */,
			);
			runOnlyForDeploymentPostprocessing = 0;
		};
		666AEB942B33922D0073EDA4 /* Sources */ = {
			isa = PBXSourcesBuildPhase;
			buildActionMask = 2147483647;
			files = (
				666AEB9D2B33922D0073EDA4 /* Riot_API_ProjectTests.swift in Sources */,
			);
			runOnlyForDeploymentPostprocessing = 0;
		};
		666AEB9E2B33922D0073EDA4 /* Sources */ = {
			isa = PBXSourcesBuildPhase;
			buildActionMask = 2147483647;
			files = (
				666AEBA72B33922D0073EDA4 /* Riot_API_ProjectUITests.swift in Sources */,
				666AEBA92B33922D0073EDA4 /* Riot_API_ProjectUITestsLaunchTests.swift in Sources */,
			);
			runOnlyForDeploymentPostprocessing = 0;
		};
/* End PBXSourcesBuildPhase section */

/* Begin PBXTargetDependency section */
		666AEB9A2B33922D0073EDA4 /* PBXTargetDependency */ = {
			isa = PBXTargetDependency;
			target = 666AEB872B33922A0073EDA4 /* Riot-API-Project */;
			targetProxy = 666AEB992B33922D0073EDA4 /* PBXContainerItemProxy */;
		};
		666AEBA42B33922D0073EDA4 /* PBXTargetDependency */ = {
			isa = PBXTargetDependency;
			target = 666AEB872B33922A0073EDA4 /* Riot-API-Project */;
			targetProxy = 666AEBA32B33922D0073EDA4 /* PBXContainerItemProxy */;
		};
/* End PBXTargetDependency section */

/* Begin XCBuildConfiguration section */
		666AEBAA2B33922D0073EDA4 /* Debug */ = {
			isa = XCBuildConfiguration;
			buildSettings = {
				ALWAYS_SEARCH_USER_PATHS = NO;
				ASSETCATALOG_COMPILER_GENERATE_SWIFT_ASSET_SYMBOL_EXTENSIONS = YES;
				CLANG_ANALYZER_NONNULL = YES;
				CLANG_ANALYZER_NUMBER_OBJECT_CONVERSION = YES_AGGRESSIVE;
				CLANG_CXX_LANGUAGE_STANDARD = "gnu++20";
				CLANG_ENABLE_MODULES = YES;
				CLANG_ENABLE_OBJC_ARC = YES;
				CLANG_ENABLE_OBJC_WEAK = YES;
				CLANG_WARN_BLOCK_CAPTURE_AUTORELEASING = YES;
				CLANG_WARN_BOOL_CONVERSION = YES;
				CLANG_WARN_COMMA = YES;
				CLANG_WARN_CONSTANT_CONVERSION = YES;
				CLANG_WARN_DEPRECATED_OBJC_IMPLEMENTATIONS = YES;
				CLANG_WARN_DIRECT_OBJC_ISA_USAGE = YES_ERROR;
				CLANG_WARN_DOCUMENTATION_COMMENTS = YES;
				CLANG_WARN_EMPTY_BODY = YES;
				CLANG_WARN_ENUM_CONVERSION = YES;
				CLANG_WARN_INFINITE_RECURSION = YES;
				CLANG_WARN_INT_CONVERSION = YES;
				CLANG_WARN_NON_LITERAL_NULL_CONVERSION = YES;
				CLANG_WARN_OBJC_IMPLICIT_RETAIN_SELF = YES;
				CLANG_WARN_OBJC_LITERAL_CONVERSION = YES;
				CLANG_WARN_OBJC_ROOT_CLASS = YES_ERROR;
				CLANG_WARN_QUOTED_INCLUDE_IN_FRAMEWORK_HEADER = YES;
				CLANG_WARN_RANGE_LOOP_ANALYSIS = YES;
				CLANG_WARN_STRICT_PROTOTYPES = YES;
				CLANG_WARN_SUSPICIOUS_MOVE = YES;
				CLANG_WARN_UNGUARDED_AVAILABILITY = YES_AGGRESSIVE;
				CLANG_WARN_UNREACHABLE_CODE = YES;
				CLANG_WARN__DUPLICATE_METHOD_MATCH = YES;
				COPY_PHASE_STRIP = NO;
				DEBUG_INFORMATION_FORMAT = dwarf;
				ENABLE_STRICT_OBJC_MSGSEND = YES;
				ENABLE_TESTABILITY = YES;
				ENABLE_USER_SCRIPT_SANDBOXING = YES;
				GCC_C_LANGUAGE_STANDARD = gnu17;
				GCC_DYNAMIC_NO_PIC = NO;
				GCC_NO_COMMON_BLOCKS = YES;
				GCC_OPTIMIZATION_LEVEL = 0;
				GCC_PREPROCESSOR_DEFINITIONS = (
					"DEBUG=1",
					"$(inherited)",
				);
				GCC_WARN_64_TO_32_BIT_CONVERSION = YES;
				GCC_WARN_ABOUT_RETURN_TYPE = YES_ERROR;
				GCC_WARN_UNDECLARED_SELECTOR = YES;
				GCC_WARN_UNINITIALIZED_AUTOS = YES_AGGRESSIVE;
				GCC_WARN_UNUSED_FUNCTION = YES;
				GCC_WARN_UNUSED_VARIABLE = YES;
				IPHONEOS_DEPLOYMENT_TARGET = 17.2;
				LOCALIZATION_PREFERS_STRING_CATALOGS = YES;
				MTL_ENABLE_DEBUG_INFO = INCLUDE_SOURCE;
				MTL_FAST_MATH = YES;
				ONLY_ACTIVE_ARCH = YES;
				SDKROOT = iphoneos;
				SWIFT_ACTIVE_COMPILATION_CONDITIONS = "DEBUG $(inherited)";
				SWIFT_OPTIMIZATION_LEVEL = "-Onone";
			};
			name = Debug;
		};
		666AEBAB2B33922D0073EDA4 /* Release */ = {
			isa = XCBuildConfiguration;
			buildSettings = {
				ALWAYS_SEARCH_USER_PATHS = NO;
				ASSETCATALOG_COMPILER_GENERATE_SWIFT_ASSET_SYMBOL_EXTENSIONS = YES;
				CLANG_ANALYZER_NONNULL = YES;
				CLANG_ANALYZER_NUMBER_OBJECT_CONVERSION = YES_AGGRESSIVE;
				CLANG_CXX_LANGUAGE_STANDARD = "gnu++20";
				CLANG_ENABLE_MODULES = YES;
				CLANG_ENABLE_OBJC_ARC = YES;
				CLANG_ENABLE_OBJC_WEAK = YES;
				CLANG_WARN_BLOCK_CAPTURE_AUTORELEASING = YES;
				CLANG_WARN_BOOL_CONVERSION = YES;
				CLANG_WARN_COMMA = YES;
				CLANG_WARN_CONSTANT_CONVERSION = YES;
				CLANG_WARN_DEPRECATED_OBJC_IMPLEMENTATIONS = YES;
				CLANG_WARN_DIRECT_OBJC_ISA_USAGE = YES_ERROR;
				CLANG_WARN_DOCUMENTATION_COMMENTS = YES;
				CLANG_WARN_EMPTY_BODY = YES;
				CLANG_WARN_ENUM_CONVERSION = YES;
				CLANG_WARN_INFINITE_RECURSION = YES;
				CLANG_WARN_INT_CONVERSION = YES;
				CLANG_WARN_NON_LITERAL_NULL_CONVERSION = YES;
				CLANG_WARN_OBJC_IMPLICIT_RETAIN_SELF = YES;
				CLANG_WARN_OBJC_LITERAL_CONVERSION = YES;
				CLANG_WARN_OBJC_ROOT_CLASS = YES_ERROR;
				CLANG_WARN_QUOTED_INCLUDE_IN_FRAMEWORK_HEADER = YES;
				CLANG_WARN_RANGE_LOOP_ANALYSIS = YES;
				CLANG_WARN_STRICT_PROTOTYPES = YES;
				CLANG_WARN_SUSPICIOUS_MOVE = YES;
				CLANG_WARN_UNGUARDED_AVAILABILITY = YES_AGGRESSIVE;
				CLANG_WARN_UNREACHABLE_CODE = YES;
				CLANG_WARN__DUPLICATE_METHOD_MATCH = YES;
				COPY_PHASE_STRIP = NO;
				DEBUG_INFORMATION_FORMAT = "dwarf-with-dsym";
				ENABLE_NS_ASSERTIONS = NO;
				ENABLE_STRICT_OBJC_MSGSEND = YES;
				ENABLE_USER_SCRIPT_SANDBOXING = YES;
				GCC_C_LANGUAGE_STANDARD = gnu17;
				GCC_NO_COMMON_BLOCKS = YES;
				GCC_WARN_64_TO_32_BIT_CONVERSION = YES;
				GCC_WARN_ABOUT_RETURN_TYPE = YES_ERROR;
				GCC_WARN_UNDECLARED_SELECTOR = YES;
				GCC_WARN_UNINITIALIZED_AUTOS = YES_AGGRESSIVE;
				GCC_WARN_UNUSED_FUNCTION = YES;
				GCC_WARN_UNUSED_VARIABLE = YES;
				IPHONEOS_DEPLOYMENT_TARGET = 17.2;
				LOCALIZATION_PREFERS_STRING_CATALOGS = YES;
				MTL_ENABLE_DEBUG_INFO = NO;
				MTL_FAST_MATH = YES;
				SDKROOT = iphoneos;
				SWIFT_COMPILATION_MODE = wholemodule;
				VALIDATE_PRODUCT = YES;
			};
			name = Release;
		};
		666AEBAD2B33922D0073EDA4 /* Debug */ = {
			isa = XCBuildConfiguration;
			buildSettings = {
				ASSETCATALOG_COMPILER_APPICON_NAME = AppIcon;
				ASSETCATALOG_COMPILER_GLOBAL_ACCENT_COLOR_NAME = AccentColor;
				CODE_SIGN_STYLE = Automatic;
				CURRENT_PROJECT_VERSION = 1;
				DEVELOPMENT_ASSET_PATHS = "\"Riot-API-Project/Preview Content\"";
				DEVELOPMENT_TEAM = PTYSLQW8V9;
				ENABLE_PREVIEWS = YES;
				GENERATE_INFOPLIST_FILE = YES;
				INFOPLIST_KEY_UIApplicationSceneManifest_Generation = YES;
				INFOPLIST_KEY_UIApplicationSupportsIndirectInputEvents = YES;
				INFOPLIST_KEY_UILaunchScreen_Generation = YES;
				INFOPLIST_KEY_UISupportedInterfaceOrientations_iPad = "UIInterfaceOrientationPortrait UIInterfaceOrientationPortraitUpsideDown UIInterfaceOrientationLandscapeLeft UIInterfaceOrientationLandscapeRight";
				INFOPLIST_KEY_UISupportedInterfaceOrientations_iPhone = "UIInterfaceOrientationPortrait UIInterfaceOrientationLandscapeLeft UIInterfaceOrientationLandscapeRight";
				LD_RUNPATH_SEARCH_PATHS = (
					"$(inherited)",
					"@executable_path/Frameworks",
				);
				MARKETING_VERSION = 1.0;
				PRODUCT_BUNDLE_IDENTIFIER = "micah.Riot-API-Project";
				PRODUCT_NAME = "$(TARGET_NAME)";
				SWIFT_EMIT_LOC_STRINGS = YES;
				SWIFT_VERSION = 5.0;
				TARGETED_DEVICE_FAMILY = "1,2";
			};
			name = Debug;
		};
		666AEBAE2B33922D0073EDA4 /* Release */ = {
			isa = XCBuildConfiguration;
			buildSettings = {
				ASSETCATALOG_COMPILER_APPICON_NAME = AppIcon;
				ASSETCATALOG_COMPILER_GLOBAL_ACCENT_COLOR_NAME = AccentColor;
				CODE_SIGN_STYLE = Automatic;
				CURRENT_PROJECT_VERSION = 1;
				DEVELOPMENT_ASSET_PATHS = "\"Riot-API-Project/Preview Content\"";
				DEVELOPMENT_TEAM = PTYSLQW8V9;
				ENABLE_PREVIEWS = YES;
				GENERATE_INFOPLIST_FILE = YES;
				INFOPLIST_KEY_UIApplicationSceneManifest_Generation = YES;
				INFOPLIST_KEY_UIApplicationSupportsIndirectInputEvents = YES;
				INFOPLIST_KEY_UILaunchScreen_Generation = YES;
				INFOPLIST_KEY_UISupportedInterfaceOrientations_iPad = "UIInterfaceOrientationPortrait UIInterfaceOrientationPortraitUpsideDown UIInterfaceOrientationLandscapeLeft UIInterfaceOrientationLandscapeRight";
				INFOPLIST_KEY_UISupportedInterfaceOrientations_iPhone = "UIInterfaceOrientationPortrait UIInterfaceOrientationLandscapeLeft UIInterfaceOrientationLandscapeRight";
				LD_RUNPATH_SEARCH_PATHS = (
					"$(inherited)",
					"@executable_path/Frameworks",
				);
				MARKETING_VERSION = 1.0;
				PRODUCT_BUNDLE_IDENTIFIER = "micah.Riot-API-Project";
				PRODUCT_NAME = "$(TARGET_NAME)";
				SWIFT_EMIT_LOC_STRINGS = YES;
				SWIFT_VERSION = 5.0;
				TARGETED_DEVICE_FAMILY = "1,2";
			};
			name = Release;
		};
		666AEBB02B33922D0073EDA4 /* Debug */ = {
			isa = XCBuildConfiguration;
			buildSettings = {
				ALWAYS_EMBED_SWIFT_STANDARD_LIBRARIES = YES;
				BUNDLE_LOADER = "$(TEST_HOST)";
				CODE_SIGN_STYLE = Automatic;
				CURRENT_PROJECT_VERSION = 1;
				DEVELOPMENT_TEAM = PTYSLQW8V9;
				GENERATE_INFOPLIST_FILE = YES;
				IPHONEOS_DEPLOYMENT_TARGET = 17.2;
				MARKETING_VERSION = 1.0;
				PRODUCT_BUNDLE_IDENTIFIER = "micah.Riot-API-ProjectTests";
				PRODUCT_NAME = "$(TARGET_NAME)";
				SWIFT_EMIT_LOC_STRINGS = NO;
				SWIFT_VERSION = 5.0;
				TARGETED_DEVICE_FAMILY = "1,2";
				TEST_HOST = "$(BUILT_PRODUCTS_DIR)/Riot-API-Project.app/$(BUNDLE_EXECUTABLE_FOLDER_PATH)/Riot-API-Project";
			};
			name = Debug;
		};
		666AEBB12B33922D0073EDA4 /* Release */ = {
			isa = XCBuildConfiguration;
			buildSettings = {
				ALWAYS_EMBED_SWIFT_STANDARD_LIBRARIES = YES;
				BUNDLE_LOADER = "$(TEST_HOST)";
				CODE_SIGN_STYLE = Automatic;
				CURRENT_PROJECT_VERSION = 1;
				DEVELOPMENT_TEAM = PTYSLQW8V9;
				GENERATE_INFOPLIST_FILE = YES;
				IPHONEOS_DEPLOYMENT_TARGET = 17.2;
				MARKETING_VERSION = 1.0;
				PRODUCT_BUNDLE_IDENTIFIER = "micah.Riot-API-ProjectTests";
				PRODUCT_NAME = "$(TARGET_NAME)";
				SWIFT_EMIT_LOC_STRINGS = NO;
				SWIFT_VERSION = 5.0;
				TARGETED_DEVICE_FAMILY = "1,2";
				TEST_HOST = "$(BUILT_PRODUCTS_DIR)/Riot-API-Project.app/$(BUNDLE_EXECUTABLE_FOLDER_PATH)/Riot-API-Project";
			};
			name = Release;
		};
		666AEBB32B33922D0073EDA4 /* Debug */ = {
			isa = XCBuildConfiguration;
			buildSettings = {
				ALWAYS_EMBED_SWIFT_STANDARD_LIBRARIES = YES;
				CODE_SIGN_STYLE = Automatic;
				CURRENT_PROJECT_VERSION = 1;
				DEVELOPMENT_TEAM = PTYSLQW8V9;
				GENERATE_INFOPLIST_FILE = YES;
				MARKETING_VERSION = 1.0;
				PRODUCT_BUNDLE_IDENTIFIER = "micah.Riot-API-ProjectUITests";
				PRODUCT_NAME = "$(TARGET_NAME)";
				SWIFT_EMIT_LOC_STRINGS = NO;
				SWIFT_VERSION = 5.0;
				TARGETED_DEVICE_FAMILY = "1,2";
				TEST_TARGET_NAME = "Riot-API-Project";
			};
			name = Debug;
		};
		666AEBB42B33922D0073EDA4 /* Release */ = {
			isa = XCBuildConfiguration;
			buildSettings = {
				ALWAYS_EMBED_SWIFT_STANDARD_LIBRARIES = YES;
				CODE_SIGN_STYLE = Automatic;
				CURRENT_PROJECT_VERSION = 1;
				DEVELOPMENT_TEAM = PTYSLQW8V9;
				GENERATE_INFOPLIST_FILE = YES;
				MARKETING_VERSION = 1.0;
				PRODUCT_BUNDLE_IDENTIFIER = "micah.Riot-API-ProjectUITests";
				PRODUCT_NAME = "$(TARGET_NAME)";
				SWIFT_EMIT_LOC_STRINGS = NO;
				SWIFT_VERSION = 5.0;
				TARGETED_DEVICE_FAMILY = "1,2";
				TEST_TARGET_NAME = "Riot-API-Project";
			};
			name = Release;
		};
/* End XCBuildConfiguration section */

/* Begin XCConfigurationList section */
		666AEB832B33922A0073EDA4 /* Build configuration list for PBXProject "Riot-API-Project" */ = {
			isa = XCConfigurationList;
			buildConfigurations = (
				666AEBAA2B33922D0073EDA4 /* Debug */,
				666AEBAB2B33922D0073EDA4 /* Release */,
			);
			defaultConfigurationIsVisible = 0;
			defaultConfigurationName = Release;
		};
		666AEBAC2B33922D0073EDA4 /* Build configuration list for PBXNativeTarget "Riot-API-Project" */ = {
			isa = XCConfigurationList;
			buildConfigurations = (
				666AEBAD2B33922D0073EDA4 /* Debug */,
				666AEBAE2B33922D0073EDA4 /* Release */,
			);
			defaultConfigurationIsVisible = 0;
			defaultConfigurationName = Release;
		};
		666AEBAF2B33922D0073EDA4 /* Build configuration list for PBXNativeTarget "Riot-API-ProjectTests" */ = {
			isa = XCConfigurationList;
			buildConfigurations = (
				666AEBB02B33922D0073EDA4 /* Debug */,
				666AEBB12B33922D0073EDA4 /* Release */,
			);
			defaultConfigurationIsVisible = 0;
			defaultConfigurationName = Release;
		};
		666AEBB22B33922D0073EDA4 /* Build configuration list for PBXNativeTarget "Riot-API-ProjectUITests" */ = {
			isa = XCConfigurationList;
			buildConfigurations = (
				666AEBB32B33922D0073EDA4 /* Debug */,
				666AEBB42B33922D0073EDA4 /* Release */,
			);
			defaultConfigurationIsVisible = 0;
			defaultConfigurationName = Release;
		};
/* End XCConfigurationList section */
	};
	rootObject = 666AEB802B33922A0073EDA4 /* Project object */;
}
